
Microsoft Visual Studio Solution File, Format Version 12.00
# Visual Studio 15
VisualStudioVersion = 15.0.27701.1
MinimumVisualStudioVersion = 10.0.40219.1
Project("{FAE04EC0-301F-11D3-BF4B-00C04F79EFBC}") = "Benchmarks", "Benchmarks\Benchmarks.csproj", "{67330E18-C19A-4A42-9A5B-D620372B25F3}"
EndProject
Global
	GlobalSection(SolutionConfigurationPlatforms) = preSolution
		Debug|Any CPU = Debug|Any CPU
		Release|Any CPU = Release|Any CPU
	EndGlobalSection
	GlobalSection(ProjectConfigurationPlatforms) = postSolution
		{67330E18-C19A-4A42-9A5B-D620372B25F3}.Debug|Any CPU.ActiveCfg = Debug|Any CPU
		{67330E18-C19A-4A42-9A5B-D620372B25F3}.Debug|Any CPU.Build.0 = Debug|Any CPU
		{67330E18-C19A-4A42-9A5B-D620372B25F3}.Release|Any CPU.ActiveCfg = Release|Any CPU
		{67330E18-C19A-4A42-9A5B-D620372B25F3}.Release|Any CPU.Build.0 = Release|Any CPU
	EndGlobalSection
	GlobalSection(SolutionProperties) = preSolution
		HideSolutionNode = FALSE
	EndGlobalSection
	GlobalSection(ExtensibilityGlobals) = postSolution
		SolutionGuid = {76A42321-00F1-4B3A-A8B6-C0752BE43000}
	EndGlobalSection
EndGlobal
